// !$*UTF8*$!
{
	archiveVersion = 1;
	classes = {
	};
	objectVersion = 77;
	objects = {

/* Begin PBXBuildFile section */
		BC4EC6EF2FE98BEE006E1F51 /* AppDelegate.swift in Sources */ = {isa = PBXBuildFile; fileRef = BC4EC6EE2FE98BEE006E1F51 /* AppDelegate.swift */; };
		BC4EC6F12FE98BEE006E1F51 /* SceneDelegate.swift in Sources */ = {isa = PBXBuildFile; fileRef = BC4EC6F02FE98BEE006E1F51 /* SceneDelegate.swift */; };
		BC4EC6F42FE98BEE006E1F51 /* LaunchScreen.storyboard in Resources */ = {isa = PBXBuildFile; fileRef = BC4EC6F22FE98BEE006E1F51 /* LaunchScreen.storyboard */; };
		BC4EC6F72FE98BEE006E1F51 /* Main.storyboard in Resources */ = {isa = PBXBuildFile; fileRef = BC4EC6F52FE98BEE006E1F51 /* Main.storyboard */; };
		BC4EC7002FE98BEE006E1F51 /* AppDelegate.swift in Sources */ = {isa = PBXBuildFile; fileRef = BC4EC6FF2FE98BEE006E1F51 /* AppDelegate.swift */; };
		BC4EC7032FE98BEE006E1F51 /* Main.storyboard in Resources */ = {isa = PBXBuildFile; fileRef = BC4EC7012FE98BEE006E1F51 /* Main.storyboard */; };
		BC4EC70A2FE98BEE006E1F51 /* PolyArc Extension.appex in Embed Foundation Extensions */ = {isa = PBXBuildFile; fileRef = BC4EC7092FE98BEE006E1F51 /* PolyArc Extension.appex */; settings = {ATTRIBUTES = (RemoveHeadersOnCopy, ); }; };
		BC4EC7142FE98BEE006E1F51 /* PolyArc Extension.appex in Embed Foundation Extensions */ = {isa = PBXBuildFile; fileRef = BC4EC7132FE98BEE006E1F51 /* PolyArc Extension.appex */; settings = {ATTRIBUTES = (RemoveHeadersOnCopy, ); }; };
		BC4EC7192FE98BEE006E1F51 /* Main.html in Resources */ = {isa = PBXBuildFile; fileRef = BC4EC6DE2FE98BED006E1F51 /* Main.html */; };
		BC4EC71A2FE98BEE006E1F51 /* Main.html in Resources */ = {isa = PBXBuildFile; fileRef = BC4EC6DE2FE98BED006E1F51 /* Main.html */; };
		BC4EC71B2FE98BEE006E1F51 /* Icon.png in Resources */ = {isa = PBXBuildFile; fileRef = BC4EC6E02FE98BED006E1F51 /* Icon.png */; };
		BC4EC71C2FE98BEE006E1F51 /* Icon.png in Resources */ = {isa = PBXBuildFile; fileRef = BC4EC6E02FE98BED006E1F51 /* Icon.png */; };
		BC4EC71D2FE98BEE006E1F51 /* Style.css in Resources */ = {isa = PBXBuildFile; fileRef = BC4EC6E12FE98BED006E1F51 /* Style.css */; };
		BC4EC71E2FE98BEE006E1F51 /* Style.css in Resources */ = {isa = PBXBuildFile; fileRef = BC4EC6E12FE98BED006E1F51 /* Style.css */; };
		BC4EC71F2FE98BEE006E1F51 /* Script.js in Resources */ = {isa = PBXBuildFile; fileRef = BC4EC6E22FE98BED006E1F51 /* Script.js */; };
		BC4EC7202FE98BEE006E1F51 /* Script.js in Resources */ = {isa = PBXBuildFile; fileRef = BC4EC6E22FE98BED006E1F51 /* Script.js */; };
		BC4EC7212FE98BEE006E1F51 /* ViewController.swift in Sources */ = {isa = PBXBuildFile; fileRef = BC4EC6E32FE98BED006E1F51 /* ViewController.swift */; };
		BC4EC7222FE98BEE006E1F51 /* ViewController.swift in Sources */ = {isa = PBXBuildFile; fileRef = BC4EC6E32FE98BED006E1F51 /* ViewController.swift */; };
		BC4EC7232FE98BEE006E1F51 /* Assets.xcassets in Resources */ = {isa = PBXBuildFile; fileRef = BC4EC6E42FE98BEE006E1F51 /* Assets.xcassets */; };
		BC4EC7242FE98BEE006E1F51 /* Assets.xcassets in Resources */ = {isa = PBXBuildFile; fileRef = BC4EC6E42FE98BEE006E1F51 /* Assets.xcassets */; };
		BC4EC7252FE98BEE006E1F51 /* SafariWebExtensionHandler.swift in Sources */ = {isa = PBXBuildFile; fileRef = BC4EC6E62FE98BEE006E1F51 /* SafariWebExtensionHandler.swift */; };
		BC4EC7262FE98BEE006E1F51 /* SafariWebExtensionHandler.swift in Sources */ = {isa = PBXBuildFile; fileRef = BC4EC6E62FE98BEE006E1F51 /* SafariWebExtensionHandler.swift */; };
		BC4EC73F2FE98BEF006E1F51 /* popup.js in Resources */ = {isa = PBXBuildFile; fileRef = BC4EC7382FE98BEF006E1F51 /* popup.js */; };
		BC4EC7402FE98BEF006E1F51 /* card.css in Resources */ = {isa = PBXBuildFile; fileRef = BC4EC7392FE98BEF006E1F51 /* card.css */; };
		BC4EC7412FE98BEF006E1F51 /* popup.html in Resources */ = {isa = PBXBuildFile; fileRef = BC4EC73A2FE98BEF006E1F51 /* popup.html */; };
		BC4EC7422FE98BEF006E1F51 /* icons in Resources */ = {isa = PBXBuildFile; fileRef = BC4EC73B2FE98BEF006E1F51 /* icons */; };
		BC4EC7432FE98BEF006E1F51 /* manifest.json in Resources */ = {isa = PBXBuildFile; fileRef = BC4EC73C2FE98BEF006E1F51 /* manifest.json */; };
		BC4EC7442FE98BEF006E1F51 /* content.js in Resources */ = {isa = PBXBuildFile; fileRef = BC4EC73D2FE98BEF006E1F51 /* content.js */; };
		BC4EC7452FE98BEF006E1F51 /* manifest.dev.json in Resources */ = {isa = PBXBuildFile; fileRef = BC4EC73E2FE98BEF006E1F51 /* manifest.dev.json */; };
		BC4EC7462FE98BEF006E1F51 /* popup.js in Resources */ = {isa = PBXBuildFile; fileRef = BC4EC7382FE98BEF006E1F51 /* popup.js */; };
		BC4EC7472FE98BEF006E1F51 /* card.css in Resources */ = {isa = PBXBuildFile; fileRef = BC4EC7392FE98BEF006E1F51 /* card.css */; };
		BC4EC7482FE98BEF006E1F51 /* popup.html in Resources */ = {isa = PBXBuildFile; fileRef = BC4EC73A2FE98BEF006E1F51 /* popup.html */; };
		BC4EC7492FE98BEF006E1F51 /* icons in Resources */ = {isa = PBXBuildFile; fileRef = BC4EC73B2FE98BEF006E1F51 /* icons */; };
		BC4EC74A2FE98BEF006E1F51 /* manifest.json in Resources */ = {isa = PBXBuildFile; fileRef = BC4EC73C2FE98BEF006E1F51 /* manifest.json */; };
		BC4EC74B2FE98BEF006E1F51 /* content.js in Resources */ = {isa = PBXBuildFile; fileRef = BC4EC73D2FE98BEF006E1F51 /* content.js */; };
		BC4EC74C2FE98BEF006E1F51 /* manifest.dev.json in Resources */ = {isa = PBXBuildFile; fileRef = BC4EC73E2FE98BEF006E1F51 /* manifest.dev.json */; };
/* End PBXBuildFile section */

/* Begin PBXContainerItemProxy section */
		BC4EC70B2FE98BEE006E1F51 /* PBXContainerItemProxy */ = {
			isa = PBXContainerItemProxy;
			containerPortal = BC4EC6D82FE98BED006E1F51 /* Project object */;
			proxyType = 1;
			remoteGlobalIDString = BC4EC7082FE98BEE006E1F51;
			remoteInfo = "PolyArc Extension (iOS)";
		};
		BC4EC7152FE98BEE006E1F51 /* PBXContainerItemProxy */ = {
			isa = PBXContainerItemProxy;
			containerPortal = BC4EC6D82FE98BED006E1F51 /* Project object */;
			proxyType = 1;
			remoteGlobalIDString = BC4EC7122FE98BEE006E1F51;
			remoteInfo = "PolyArc Extension (macOS)";
		};
/* End PBXContainerItemProxy section */

/* Begin PBXCopyFilesBuildPhase section */
		BC4EC72C2FE98BEE006E1F51 /* Embed Foundation Extensions */ = {
			isa = PBXCopyFilesBuildPhase;
			buildActionMask = 2147483647;
			dstPath = "";
			dstSubfolderSpec = 13;
			files = (
				BC4EC70A2FE98BEE006E1F51 /* PolyArc Extension.appex in Embed Foundation Extensions */,
			);
			name = "Embed Foundation Extensions";
			runOnlyForDeploymentPostprocessing = 0;
		};
		BC4EC7332FE98BEE006E1F51 /* Embed Foundation Extensions */ = {
			isa = PBXCopyFilesBuildPhase;
			buildActionMask = 2147483647;
			dstPath = "";
			dstSubfolderSpec = 13;
			files = (
				BC4EC7142FE98BEE006E1F51 /* PolyArc Extension.appex in Embed Foundation Extensions */,
			);
			name = "Embed Foundation Extensions";
			runOnlyForDeploymentPostprocessing = 0;
		};
/* End PBXCopyFilesBuildPhase section */

/* Begin PBXFileReference section */
		BC4EC6DF2FE98BED006E1F51 /* Base */ = {isa = PBXFileReference; lastKnownFileType = text.html; name = Base; path = Base.lproj/Main.html; sourceTree = "<group>"; };
		BC4EC6E02FE98BED006E1F51 /* Icon.png */ = {isa = PBXFileReference; lastKnownFileType = image.png; path = Icon.png; sourceTree = "<group>"; };
		BC4EC6E12FE98BED006E1F51 /* Style.css */ = {isa = PBXFileReference; lastKnownFileType = text.css; path = Style.css; sourceTree = "<group>"; };
		BC4EC6E22FE98BED006E1F51 /* Script.js */ = {isa = PBXFileReference; lastKnownFileType = sourcecode.javascript; path = Script.js; sourceTree = "<group>"; };
		BC4EC6E32FE98BED006E1F51 /* ViewController.swift */ = {isa = PBXFileReference; lastKnownFileType = sourcecode.swift; path = ViewController.swift; sourceTree = "<group>"; };
		BC4EC6E42FE98BEE006E1F51 /* Assets.xcassets */ = {isa = PBXFileReference; lastKnownFileType = folder.assetcatalog; path = Assets.xcassets; sourceTree = "<group>"; };
		BC4EC6E62FE98BEE006E1F51 /* SafariWebExtensionHandler.swift */ = {isa = PBXFileReference; lastKnownFileType = sourcecode.swift; path = SafariWebExtensionHandler.swift; sourceTree = "<group>"; };
		BC4EC6EB2FE98BEE006E1F51 /* PolyArc.app */ = {isa = PBXFileReference; explicitFileType = wrapper.application; includeInIndex = 0; path = PolyArc.app; sourceTree = BUILT_PRODUCTS_DIR; };
		BC4EC6EE2FE98BEE006E1F51 /* AppDelegate.swift */ = {isa = PBXFileReference; lastKnownFileType = sourcecode.swift; path = AppDelegate.swift; sourceTree = "<group>"; };
		BC4EC6F02FE98BEE006E1F51 /* SceneDelegate.swift */ = {isa = PBXFileReference; lastKnownFileType = sourcecode.swift; path = SceneDelegate.swift; sourceTree = "<group>"; };
		BC4EC6F32FE98BEE006E1F51 /* Base */ = {isa = PBXFileReference; lastKnownFileType = file.storyboard; name = Base; path = Base.lproj/LaunchScreen.storyboard; sourceTree = "<group>"; };
		BC4EC6F62FE98BEE006E1F51 /* Base */ = {isa = PBXFileReference; lastKnownFileType = file.storyboard; name = Base; path = Base.lproj/Main.storyboard; sourceTree = "<group>"; };
		BC4EC6F82FE98BEE006E1F51 /* Info.plist */ = {isa = PBXFileReference; lastKnownFileType = text.plist.xml; path = Info.plist; sourceTree = "<group>"; };
		BC4EC6FD2FE98BEE006E1F51 /* PolyArc.app */ = {isa = PBXFileReference; explicitFileType = wrapper.application; includeInIndex = 0; path = PolyArc.app; sourceTree = BUILT_PRODUCTS_DIR; };
		BC4EC6FF2FE98BEE006E1F51 /* AppDelegate.swift */ = {isa = PBXFileReference; lastKnownFileType = sourcecode.swift; path = AppDelegate.swift; sourceTree = "<group>"; };
		BC4EC7022FE98BEE006E1F51 /* Base */ = {isa = PBXFileReference; lastKnownFileType = file.storyboard; name = Base; path = Base.lproj/Main.storyboard; sourceTree = "<group>"; };
		BC4EC7042FE98BEE006E1F51 /* Info.plist */ = {isa = PBXFileReference; lastKnownFileType = text.plist.xml; path = Info.plist; sourceTree = "<group>"; };
		BC4EC7092FE98BEE006E1F51 /* PolyArc Extension.appex */ = {isa = PBXFileReference; explicitFileType = "wrapper.app-extension"; includeInIndex = 0; path = "PolyArc Extension.appex"; sourceTree = BUILT_PRODUCTS_DIR; };
		BC4EC70E2FE98BEE006E1F51 /* Info.plist */ = {isa = PBXFileReference; lastKnownFileType = text.plist.xml; path = Info.plist; sourceTree = "<group>"; };
		BC4EC7132FE98BEE006E1F51 /* PolyArc Extension.appex */ = {isa = PBXFileReference; explicitFileType = "wrapper.app-extension"; includeInIndex = 0; path = "PolyArc Extension.appex"; sourceTree = BUILT_PRODUCTS_DIR; };
		BC4EC7182FE98BEE006E1F51 /* Info.plist */ = {isa = PBXFileReference; lastKnownFileType = text.plist.xml; path = Info.plist; sourceTree = "<group>"; };
		BC4EC7382FE98BEF006E1F51 /* popup.js */ = {isa = PBXFileReference; lastKnownFileType = sourcecode.javascript; name = popup.js; path = Resources/popup.js; sourceTree = "<group>"; };
		BC4EC7392FE98BEF006E1F51 /* card.css */ = {isa = PBXFileReference; lastKnownFileType = text.css; name = card.css; path = Resources/card.css; sourceTree = "<group>"; };
		BC4EC73A2FE98BEF006E1F51 /* popup.html */ = {isa = PBXFileReference; lastKnownFileType = text.html; name = popup.html; path = Resources/popup.html; sourceTree = "<group>"; };
		BC4EC73B2FE98BEF006E1F51 /* icons */ = {isa = PBXFileReference; lastKnownFileType = folder; name = icons; path = Resources/icons; sourceTree = "<group>"; };
		BC4EC73C2FE98BEF006E1F51 /* manifest.json */ = {isa = PBXFileReference; lastKnownFileType = text.json; name = manifest.json; path = Resources/manifest.json; sourceTree = "<group>"; };
		BC4EC73D2FE98BEF006E1F51 /* content.js */ = {isa = PBXFileReference; lastKnownFileType = sourcecode.javascript; name = content.js; path = Resources/content.js; sourceTree = "<group>"; };
		BC4EC73E2FE98BEF006E1F51 /* manifest.dev.json */ = {isa = PBXFileReference; lastKnownFileType = text.json; name = manifest.dev.json; path = Resources/manifest.dev.json; sourceTree = "<group>"; };
/* End PBXFileReference section */

/* Begin PBXFrameworksBuildPhase section */
		BC4EC6E82FE98BEE006E1F51 /* Frameworks */ = {
			isa = PBXFrameworksBuildPhase;
			buildActionMask = 2147483647;
			files = (
			);
			runOnlyForDeploymentPostprocessing = 0;
		};
		BC4EC6FA2FE98BEE006E1F51 /* Frameworks */ = {
			isa = PBXFrameworksBuildPhase;
			buildActionMask = 2147483647;
			files = (
			);
			runOnlyForDeploymentPostprocessing = 0;
		};
		BC4EC7062FE98BEE006E1F51 /* Frameworks */ = {
			isa = PBXFrameworksBuildPhase;
			buildActionMask = 2147483647;
			files = (
			);
			runOnlyForDeploymentPostprocessing = 0;
		};
		BC4EC7102FE98BEE006E1F51 /* Frameworks */ = {
			isa = PBXFrameworksBuildPhase;
			buildActionMask = 2147483647;
			files = (
			);
			runOnlyForDeploymentPostprocessing = 0;
		};
/* End PBXFrameworksBuildPhase section */

/* Begin PBXGroup section */
		BC4EC6D72FE98BED006E1F51 = {
			isa = PBXGroup;
			children = (
				BC4EC6DC2FE98BED006E1F51 /* Shared (App) */,
				BC4EC6E52FE98BEE006E1F51 /* Shared (Extension) */,
				BC4EC6ED2FE98BEE006E1F51 /* iOS (App) */,
				BC4EC6FE2FE98BEE006E1F51 /* macOS (App) */,
				BC4EC70D2FE98BEE006E1F51 /* iOS (Extension) */,
				BC4EC7172FE98BEE006E1F51 /* macOS (Extension) */,
				BC4EC6EC2FE98BEE006E1F51 /* Products */,
			);
			sourceTree = "<group>";
		};
		BC4EC6DC2FE98BED006E1F51 /* Shared (App) */ = {
			isa = PBXGroup;
			children = (
				BC4EC6E32FE98BED006E1F51 /* ViewController.swift */,
				BC4EC6E42FE98BEE006E1F51 /* Assets.xcassets */,
				BC4EC6DD2FE98BED006E1F51 /* Resources */,
			);
			path = "Shared (App)";
			sourceTree = "<group>";
		};
		BC4EC6DD2FE98BED006E1F51 /* Resources */ = {
			isa = PBXGroup;
			children = (
				BC4EC6DE2FE98BED006E1F51 /* Main.html */,
				BC4EC6E02FE98BED006E1F51 /* Icon.png */,
				BC4EC6E12FE98BED006E1F51 /* Style.css */,
				BC4EC6E22FE98BED006E1F51 /* Script.js */,
			);
			path = Resources;
			sourceTree = "<group>";
		};
		BC4EC6E52FE98BEE006E1F51 /* Shared (Extension) */ = {
			isa = PBXGroup;
			children = (
				BC4EC7372FE98BEF006E1F51 /* Resources */,
				BC4EC6E62FE98BEE006E1F51 /* SafariWebExtensionHandler.swift */,
			);
			path = "Shared (Extension)";
			sourceTree = "<group>";
		};
		BC4EC6EC2FE98BEE006E1F51 /* Products */ = {
			isa = PBXGroup;
			children = (
				BC4EC6EB2FE98BEE006E1F51 /* PolyArc.app */,
				BC4EC6FD2FE98BEE006E1F51 /* PolyArc.app */,
				BC4EC7092FE98BEE006E1F51 /* PolyArc Extension.appex */,
				BC4EC7132FE98BEE006E1F51 /* PolyArc Extension.appex */,
			);
			name = Products;
			sourceTree = "<group>";
		};
		BC4EC6ED2FE98BEE006E1F51 /* iOS (App) */ = {
			isa = PBXGroup;
			children = (
				BC4EC6EE2FE98BEE006E1F51 /* AppDelegate.swift */,
				BC4EC6F02FE98BEE006E1F51 /* SceneDelegate.swift */,
				BC4EC6F22FE98BEE006E1F51 /* LaunchScreen.storyboard */,
				BC4EC6F52FE98BEE006E1F51 /* Main.storyboard */,
				BC4EC6F82FE98BEE006E1F51 /* Info.plist */,
			);
			path = "iOS (App)";
			sourceTree = "<group>";
		};
		BC4EC6FE2FE98BEE006E1F51 /* macOS (App) */ = {
			isa = PBXGroup;
			children = (
				BC4EC6FF2FE98BEE006E1F51 /* AppDelegate.swift */,
				BC4EC7012FE98BEE006E1F51 /* Main.storyboard */,
				BC4EC7042FE98BEE006E1F51 /* Info.plist */,
			);
			path = "macOS (App)";
			sourceTree = "<group>";
		};
		BC4EC70D2FE98BEE006E1F51 /* iOS (Extension) */ = {
			isa = PBXGroup;
			children = (
				BC4EC70E2FE98BEE006E1F51 /* Info.plist */,
			);
			path = "iOS (Extension)";
			sourceTree = "<group>";
		};
		BC4EC7172FE98BEE006E1F51 /* macOS (Extension) */ = {
			isa = PBXGroup;
			children = (
				BC4EC7182FE98BEE006E1F51 /* Info.plist */,
			);
			path = "macOS (Extension)";
			sourceTree = "<group>";
		};
		BC4EC7372FE98BEF006E1F51 /* Resources */ = {
			isa = PBXGroup;
			children = (
				BC4EC7382FE98BEF006E1F51 /* popup.js */,
				BC4EC7392FE98BEF006E1F51 /* card.css */,
				BC4EC73A2FE98BEF006E1F51 /* popup.html */,
				BC4EC73B2FE98BEF006E1F51 /* icons */,
				BC4EC73C2FE98BEF006E1F51 /* manifest.json */,
				BC4EC73D2FE98BEF006E1F51 /* content.js */,
				BC4EC73E2FE98BEF006E1F51 /* manifest.dev.json */,
			);
			name = Resources;
			path = "Shared (Extension)";
			sourceTree = SOURCE_ROOT;
		};
/* End PBXGroup section */

/* Begin PBXNativeTarget section */
		BC4EC6EA2FE98BEE006E1F51 /* PolyArc (iOS) */ = {
			isa = PBXNativeTarget;
			buildConfigurationList = BC4EC72D2FE98BEE006E1F51 /* Build configuration list for PBXNativeTarget "PolyArc (iOS)" */;
			buildPhases = (
				BC4EC6E72FE98BEE006E1F51 /* Sources */,
				BC4EC6E82FE98BEE006E1F51 /* Frameworks */,
				BC4EC6E92FE98BEE006E1F51 /* Resources */,
				BC4EC72C2FE98BEE006E1F51 /* Embed Foundation Extensions */,
			);
			buildRules = (
			);
			dependencies = (
				BC4EC70C2FE98BEE006E1F51 /* PBXTargetDependency */,
			);
			name = "PolyArc (iOS)";
			packageProductDependencies = (
			);
			productName = "PolyArc (iOS)";
			productReference = BC4EC6EB2FE98BEE006E1F51 /* PolyArc.app */;
			productType = "com.apple.product-type.application";
		};
		BC4EC6FC2FE98BEE006E1F51 /* PolyArc (macOS) */ = {
			isa = PBXNativeTarget;
			buildConfigurationList = BC4EC7342FE98BEE006E1F51 /* Build configuration list for PBXNativeTarget "PolyArc (macOS)" */;
			buildPhases = (
				BC4EC6F92FE98BEE006E1F51 /* Sources */,
				BC4EC6FA2FE98BEE006E1F51 /* Frameworks */,
				BC4EC6FB2FE98BEE006E1F51 /* Resources */,
				BC4EC7332FE98BEE006E1F51 /* Embed Foundation Extensions */,
			);
			buildRules = (
			);
			dependencies = (
				BC4EC7162FE98BEE006E1F51 /* PBXTargetDependency */,
			);
			name = "PolyArc (macOS)";
			packageProductDependencies = (
			);
			productName = "PolyArc (macOS)";
			productReference = BC4EC6FD2FE98BEE006E1F51 /* PolyArc.app */;
			productType = "com.apple.product-type.application";
		};
		BC4EC7082FE98BEE006E1F51 /* PolyArc Extension (iOS) */ = {
			isa = PBXNativeTarget;
			buildConfigurationList = BC4EC7292FE98BEE006E1F51 /* Build configuration list for PBXNativeTarget "PolyArc Extension (iOS)" */;
			buildPhases = (
				BC4EC7052FE98BEE006E1F51 /* Sources */,
				BC4EC7062FE98BEE006E1F51 /* Frameworks */,
				BC4EC7072FE98BEE006E1F51 /* Resources */,
			);
			buildRules = (
			);
			dependencies = (
			);
			name = "PolyArc Extension (iOS)";
			packageProductDependencies = (
			);
			productName = "PolyArc Extension (iOS)";
			productReference = BC4EC7092FE98BEE006E1F51 /* PolyArc Extension.appex */;
			productType = "com.apple.product-type.app-extension";
		};
		BC4EC7122FE98BEE006E1F51 /* PolyArc Extension (macOS) */ = {
			isa = PBXNativeTarget;
			buildConfigurationList = BC4EC7302FE98BEE006E1F51 /* Build configuration list for PBXNativeTarget "PolyArc Extension (macOS)" */;
			buildPhases = (
				BC4EC70F2FE98BEE006E1F51 /* Sources */,
				BC4EC7102FE98BEE006E1F51 /* Frameworks */,
				BC4EC7112FE98BEE006E1F51 /* Resources */,
			);
			buildRules = (
			);
			dependencies = (
			);
			name = "PolyArc Extension (macOS)";
			packageProductDependencies = (
			);
			productName = "PolyArc Extension (macOS)";
			productReference = BC4EC7132FE98BEE006E1F51 /* PolyArc Extension.appex */;
			productType = "com.apple.product-type.app-extension";
		};
/* End PBXNativeTarget section */

/* Begin PBXProject section */
		BC4EC6D82FE98BED006E1F51 /* Project object */ = {
			isa = PBXProject;
			attributes = {
				BuildIndependentTargetsInParallel = 1;
				LastSwiftUpdateCheck = 2650;
				LastUpgradeCheck = 2650;
				TargetAttributes = {
					BC4EC6EA2FE98BEE006E1F51 = {
						CreatedOnToolsVersion = 26.5;
					};
					BC4EC6FC2FE98BEE006E1F51 = {
						CreatedOnToolsVersion = 26.5;
					};
					BC4EC7082FE98BEE006E1F51 = {
						CreatedOnToolsVersion = 26.5;
					};
					BC4EC7122FE98BEE006E1F51 = {
						CreatedOnToolsVersion = 26.5;
					};
				};
			};
			buildConfigurationList = BC4EC6DB2FE98BED006E1F51 /* Build configuration list for PBXProject "PolyArc" */;
			developmentRegion = en;
			hasScannedForEncodings = 0;
			knownRegions = (
				en,
				Base,
			);
			mainGroup = BC4EC6D72FE98BED006E1F51;
			minimizedProjectReferenceProxies = 1;
			preferredProjectObjectVersion = 77;
			productRefGroup = BC4EC6EC2FE98BEE006E1F51 /* Products */;
			projectDirPath = "";
			projectRoot = "";
			targets = (
				BC4EC6EA2FE98BEE006E1F51 /* PolyArc (iOS) */,
				BC4EC6FC2FE98BEE006E1F51 /* PolyArc (macOS) */,
				BC4EC7082FE98BEE006E1F51 /* PolyArc Extension (iOS) */,
				BC4EC7122FE98BEE006E1F51 /* PolyArc Extension (macOS) */,
			);
		};
/* End PBXProject section */

/* Begin PBXResourcesBuildPhase section */
		BC4EC6E92FE98BEE006E1F51 /* Resources */ = {
			isa = PBXResourcesBuildPhase;
			buildActionMask = 2147483647;
			files = (
				BC4EC71B2FE98BEE006E1F51 /* Icon.png in Resources */,
				BC4EC6F42FE98BEE006E1F51 /* LaunchScreen.storyboard in Resources */,
				BC4EC7192FE98BEE006E1F51 /* Main.html in Resources */,
				BC4EC71F2FE98BEE006E1F51 /* Script.js in Resources */,
				BC4EC7232FE98BEE006E1F51 /* Assets.xcassets in Resources */,
				BC4EC6F72FE98BEE006E1F51 /* Main.storyboard in Resources */,
				BC4EC71D2FE98BEE006E1F51 /* Style.css in Resources */,
			);
			runOnlyForDeploymentPostprocessing = 0;
		};
		BC4EC6FB2FE98BEE006E1F51 /* Resources */ = {
			isa = PBXResourcesBuildPhase;
			buildActionMask = 2147483647;
			files = (
				BC4EC71C2FE98BEE006E1F51 /* Icon.png in Resources */,
				BC4EC71E2FE98BEE006E1F51 /* Style.css in Resources */,
				BC4EC7032FE98BEE006E1F51 /* Main.storyboard in Resources */,
				BC4EC7202FE98BEE006E1F51 /* Script.js in Resources */,
				BC4EC7242FE98BEE006E1F51 /* Assets.xcassets in Resources */,
				BC4EC71A2FE98BEE006E1F51 /* Main.html in Resources */,
			);
			runOnlyForDeploymentPostprocessing = 0;
		};
		BC4EC7072FE98BEE006E1F51 /* Resources */ = {
			isa = PBXResourcesBuildPhase;
			buildActionMask = 2147483647;
			files = (
				BC4EC74B2FE98BEF006E1F51 /* content.js in Resources */,
				BC4EC7462FE98BEF006E1F51 /* popup.js in Resources */,
				BC4EC74C2FE98BEF006E1F51 /* manifest.dev.json in Resources */,
				BC4EC7492FE98BEF006E1F51 /* icons in Resources */,
				BC4EC74A2FE98BEF006E1F51 /* manifest.json in Resources */,
				BC4EC7482FE98BEF006E1F51 /* popup.html in Resources */,
				BC4EC7472FE98BEF006E1F51 /* card.css in Resources */,
			);
			runOnlyForDeploymentPostprocessing = 0;
		};
		BC4EC7112FE98BEE006E1F51 /* Resources */ = {
			isa = PBXResourcesBuildPhase;
			buildActionMask = 2147483647;
			files = (
				BC4EC7442FE98BEF006E1F51 /* content.js in Resources */,
				BC4EC73F2FE98BEF006E1F51 /* popup.js in Resources */,
				BC4EC7452FE98BEF006E1F51 /* manifest.dev.json in Resources */,
				BC4EC7422FE98BEF006E1F51 /* icons in Resources */,
				BC4EC7432FE98BEF006E1F51 /* manifest.json in Resources */,
				BC4EC7412FE98BEF006E1F51 /* popup.html in Resources */,
				BC4EC7402FE98BEF006E1F51 /* card.css in Resources */,
			);
			runOnlyForDeploymentPostprocessing = 0;
		};
/* End PBXResourcesBuildPhase section */

/* Begin PBXSourcesBuildPhase section */
		BC4EC6E72FE98BEE006E1F51 /* Sources */ = {
			isa = PBXSourcesBuildPhase;
			buildActionMask = 2147483647;
			files = (
				BC4EC7212FE98BEE006E1F51 /* ViewController.swift in Sources */,
				BC4EC6EF2FE98BEE006E1F51 /* AppDelegate.swift in Sources */,
				BC4EC6F12FE98BEE006E1F51 /* SceneDelegate.swift in Sources */,
			);
			runOnlyForDeploymentPostprocessing = 0;
		};
		BC4EC6F92FE98BEE006E1F51 /* Sources */ = {
			isa = PBXSourcesBuildPhase;
			buildActionMask = 2147483647;
			files = (
				BC4EC7222FE98BEE006E1F51 /* ViewController.swift in Sources */,
				BC4EC7002FE98BEE006E1F51 /* AppDelegate.swift in Sources */,
			);
			runOnlyForDeploymentPostprocessing = 0;
		};
		BC4EC7052FE98BEE006E1F51 /* Sources */ = {
			isa = PBXSourcesBuildPhase;
			buildActionMask = 2147483647;
			files = (
				BC4EC7252FE98BEE006E1F51 /* SafariWebExtensionHandler.swift in Sources */,
			);
			runOnlyForDeploymentPostprocessing = 0;
		};
		BC4EC70F2FE98BEE006E1F51 /* Sources */ = {
			isa = PBXSourcesBuildPhase;
			buildActionMask = 2147483647;
			files = (
				BC4EC7262FE98BEE006E1F51 /* SafariWebExtensionHandler.swift in Sources */,
			);
			runOnlyForDeploymentPostprocessing = 0;
		};
/* End PBXSourcesBuildPhase section */

/* Begin PBXTargetDependency section */
		BC4EC70C2FE98BEE006E1F51 /* PBXTargetDependency */ = {
			isa = PBXTargetDependency;
			target = BC4EC7082FE98BEE006E1F51 /* PolyArc Extension (iOS) */;
			targetProxy = BC4EC70B2FE98BEE006E1F51 /* PBXContainerItemProxy */;
		};
		BC4EC7162FE98BEE006E1F51 /* PBXTargetDependency */ = {
			isa = PBXTargetDependency;
			target = BC4EC7122FE98BEE006E1F51 /* PolyArc Extension (macOS) */;
			targetProxy = BC4EC7152FE98BEE006E1F51 /* PBXContainerItemProxy */;
		};
/* End PBXTargetDependency section */

/* Begin PBXVariantGroup section */
		BC4EC6DE2FE98BED006E1F51 /* Main.html */ = {
			isa = PBXVariantGroup;
			children = (
				BC4EC6DF2FE98BED006E1F51 /* Base */,
			);
			name = Main.html;
			sourceTree = "<group>";
		};
		BC4EC6F22FE98BEE006E1F51 /* LaunchScreen.storyboard */ = {
			isa = PBXVariantGroup;
			children = (
				BC4EC6F32FE98BEE006E1F51 /* Base */,
			);
			name = LaunchScreen.storyboard;
			sourceTree = "<group>";
		};
		BC4EC6F52FE98BEE006E1F51 /* Main.storyboard */ = {
			isa = PBXVariantGroup;
			children = (
				BC4EC6F62FE98BEE006E1F51 /* Base */,
			);
			name = Main.storyboard;
			sourceTree = "<group>";
		};
		BC4EC7012FE98BEE006E1F51 /* Main.storyboard */ = {
			isa = PBXVariantGroup;
			children = (
				BC4EC7022FE98BEE006E1F51 /* Base */,
			);
			name = Main.storyboard;
			sourceTree = "<group>";
		};
/* End PBXVariantGroup section */

/* Begin XCBuildConfiguration section */
		BC4EC7272FE98BEE006E1F51 /* Debug */ = {
			isa = XCBuildConfiguration;
			buildSettings = {
				ALWAYS_SEARCH_USER_PATHS = NO;
				ASSETCATALOG_COMPILER_GENERATE_SWIFT_ASSET_SYMBOL_EXTENSIONS = YES;
				CLANG_ANALYZER_NONNULL = YES;
				CLANG_ANALYZER_NUMBER_OBJECT_CONVERSION = YES_AGGRESSIVE;
				CLANG_CXX_LANGUAGE_STANDARD = "gnu++20";
				CLANG_ENABLE_MODULES = YES;
				CLANG_ENABLE_OBJC_ARC = YES;
				CLANG_ENABLE_OBJC_WEAK = YES;
				CLANG_WARN_BLOCK_CAPTURE_AUTORELEASING = YES;
				CLANG_WARN_BOOL_CONVERSION = YES;
				CLANG_WARN_COMMA = YES;
				CLANG_WARN_CONSTANT_CONVERSION = YES;
				CLANG_WARN_DEPRECATED_OBJC_IMPLEMENTATIONS = YES;
				CLANG_WARN_DIRECT_OBJC_ISA_USAGE = YES_ERROR;
				CLANG_WARN_DOCUMENTATION_COMMENTS = YES;
				CLANG_WARN_EMPTY_BODY = YES;
				CLANG_WARN_ENUM_CONVERSION = YES;
				CLANG_WARN_INFINITE_RECURSION = YES;
				CLANG_WARN_INT_CONVERSION = YES;
				CLANG_WARN_NON_LITERAL_NULL_CONVERSION = YES;
				CLANG_WARN_OBJC_IMPLICIT_RETAIN_SELF = YES;
				CLANG_WARN_OBJC_LITERAL_CONVERSION = YES;
				CLANG_WARN_OBJC_ROOT_CLASS = YES_ERROR;
				CLANG_WARN_QUOTED_INCLUDE_IN_FRAMEWORK_HEADER = YES;
				CLANG_WARN_RANGE_LOOP_ANALYSIS = YES;
				CLANG_WARN_STRICT_PROTOTYPES = YES;
				CLANG_WARN_SUSPICIOUS_MOVE = YES;
				CLANG_WARN_UNGUARDED_AVAILABILITY = YES_AGGRESSIVE;
				CLANG_WARN_UNREACHABLE_CODE = YES;
				CLANG_WARN__DUPLICATE_METHOD_MATCH = YES;
				COPY_PHASE_STRIP = NO;
				DEBUG_INFORMATION_FORMAT = dwarf;
				ENABLE_STRICT_OBJC_MSGSEND = YES;
				ENABLE_TESTABILITY = YES;
				ENABLE_USER_SCRIPT_SANDBOXING = YES;
				GCC_C_LANGUAGE_STANDARD = gnu17;
				GCC_DYNAMIC_NO_PIC = NO;
				GCC_NO_COMMON_BLOCKS = YES;
				GCC_OPTIMIZATION_LEVEL = 0;
				GCC_PREPROCESSOR_DEFINITIONS = (
					"DEBUG=1",
					"$(inherited)",
				);
				GCC_WARN_64_TO_32_BIT_CONVERSION = YES;
				GCC_WARN_ABOUT_RETURN_TYPE = YES_ERROR;
				GCC_WARN_UNDECLARED_SELECTOR = YES;
				GCC_WARN_UNINITIALIZED_AUTOS = YES_AGGRESSIVE;
				GCC_WARN_UNUSED_FUNCTION = YES;
				GCC_WARN_UNUSED_VARIABLE = YES;
				LOCALIZATION_PREFERS_STRING_CATALOGS = YES;
				MTL_ENABLE_DEBUG_INFO = INCLUDE_SOURCE;
				MTL_FAST_MATH = YES;
				ONLY_ACTIVE_ARCH = YES;
				SWIFT_ACTIVE_COMPILATION_CONDITIONS = "DEBUG $(inherited)";
				SWIFT_OPTIMIZATION_LEVEL = "-Onone";
			};
			name = Debug;
		};
		BC4EC7282FE98BEE006E1F51 /* Release */ = {
			isa = XCBuildConfiguration;
			buildSettings = {
				ALWAYS_SEARCH_USER_PATHS = NO;
				ASSETCATALOG_COMPILER_GENERATE_SWIFT_ASSET_SYMBOL_EXTENSIONS = YES;
				CLANG_ANALYZER_NONNULL = YES;
				CLANG_ANALYZER_NUMBER_OBJECT_CONVERSION = YES_AGGRESSIVE;
				CLANG_CXX_LANGUAGE_STANDARD = "gnu++20";
				CLANG_ENABLE_MODULES = YES;
				CLANG_ENABLE_OBJC_ARC = YES;
				CLANG_ENABLE_OBJC_WEAK = YES;
				CLANG_WARN_BLOCK_CAPTURE_AUTORELEASING = YES;
				CLANG_WARN_BOOL_CONVERSION = YES;
				CLANG_WARN_COMMA = YES;
				CLANG_WARN_CONSTANT_CONVERSION = YES;
				CLANG_WARN_DEPRECATED_OBJC_IMPLEMENTATIONS = YES;
				CLANG_WARN_DIRECT_OBJC_ISA_USAGE = YES_ERROR;
				CLANG_WARN_DOCUMENTATION_COMMENTS = YES;
				CLANG_WARN_EMPTY_BODY = YES;
				CLANG_WARN_ENUM_CONVERSION = YES;
				CLANG_WARN_INFINITE_RECURSION = YES;
				CLANG_WARN_INT_CONVERSION = YES;
				CLANG_WARN_NON_LITERAL_NULL_CONVERSION = YES;
				CLANG_WARN_OBJC_IMPLICIT_RETAIN_SELF = YES;
				CLANG_WARN_OBJC_LITERAL_CONVERSION = YES;
				CLANG_WARN_OBJC_ROOT_CLASS = YES_ERROR;
				CLANG_WARN_QUOTED_INCLUDE_IN_FRAMEWORK_HEADER = YES;
				CLANG_WARN_RANGE_LOOP_ANALYSIS = YES;
				CLANG_WARN_STRICT_PROTOTYPES = YES;
				CLANG_WARN_SUSPICIOUS_MOVE = YES;
				CLANG_WARN_UNGUARDED_AVAILABILITY = YES_AGGRESSIVE;
				CLANG_WARN_UNREACHABLE_CODE = YES;
				CLANG_WARN__DUPLICATE_METHOD_MATCH = YES;
				COPY_PHASE_STRIP = NO;
				DEBUG_INFORMATION_FORMAT = "dwarf-with-dsym";
				ENABLE_NS_ASSERTIONS = NO;
				ENABLE_STRICT_OBJC_MSGSEND = YES;
				ENABLE_USER_SCRIPT_SANDBOXING = YES;
				GCC_C_LANGUAGE_STANDARD = gnu17;
				GCC_NO_COMMON_BLOCKS = YES;
				GCC_WARN_64_TO_32_BIT_CONVERSION = YES;
				GCC_WARN_ABOUT_RETURN_TYPE = YES_ERROR;
				GCC_WARN_UNDECLARED_SELECTOR = YES;
				GCC_WARN_UNINITIALIZED_AUTOS = YES_AGGRESSIVE;
				GCC_WARN_UNUSED_FUNCTION = YES;
				GCC_WARN_UNUSED_VARIABLE = YES;
				LOCALIZATION_PREFERS_STRING_CATALOGS = YES;
				MTL_ENABLE_DEBUG_INFO = NO;
				MTL_FAST_MATH = YES;
				SWIFT_COMPILATION_MODE = wholemodule;
			};
			name = Release;
		};
		BC4EC72A2FE98BEE006E1F51 /* Debug */ = {
			isa = XCBuildConfiguration;
			buildSettings = {
				CODE_SIGN_STYLE = Automatic;
				CURRENT_PROJECT_VERSION = 1;
				GENERATE_INFOPLIST_FILE = YES;
				INFOPLIST_FILE = "iOS (Extension)/Info.plist";
				INFOPLIST_KEY_CFBundleDisplayName = "PolyArc Extension";
				INFOPLIST_KEY_NSHumanReadableCopyright = "";
				IPHONEOS_DEPLOYMENT_TARGET = 15.0;
				LD_RUNPATH_SEARCH_PATHS = (
					"$(inherited)",
					"@executable_path/Frameworks",
					"@executable_path/../../Frameworks",
				);
				MARKETING_VERSION = 1.0;
				OTHER_LDFLAGS = (
					"-framework",
					SafariServices,
				);
				PRODUCT_BUNDLE_IDENTIFIER = ai.polyarc.safari.Extension;
				PRODUCT_NAME = "PolyArc Extension";
				SDKROOT = iphoneos;
				SKIP_INSTALL = YES;
				STRING_CATALOG_GENERATE_SYMBOLS = YES;
				SWIFT_APPROACHABLE_CONCURRENCY = YES;
				SWIFT_EMIT_LOC_STRINGS = YES;
				SWIFT_UPCOMING_FEATURE_MEMBER_IMPORT_VISIBILITY = YES;
				SWIFT_VERSION = 5.0;
				TARGETED_DEVICE_FAMILY = "1,2";
			};
			name = Debug;
		};
		BC4EC72B2FE98BEE006E1F51 /* Release */ = {
			isa = XCBuildConfiguration;
			buildSettings = {
				CODE_SIGN_STYLE = Automatic;
				CURRENT_PROJECT_VERSION = 1;
				GENERATE_INFOPLIST_FILE = YES;
				INFOPLIST_FILE = "iOS (Extension)/Info.plist";
				INFOPLIST_KEY_CFBundleDisplayName = "PolyArc Extension";
				INFOPLIST_KEY_NSHumanReadableCopyright = "";
				IPHONEOS_DEPLOYMENT_TARGET = 15.0;
				LD_RUNPATH_SEARCH_PATHS = (
					"$(inherited)",
					"@executable_path/Frameworks",
					"@executable_path/../../Frameworks",
				);
				MARKETING_VERSION = 1.0;
				OTHER_LDFLAGS = (
					"-framework",
					SafariServices,
				);
				PRODUCT_BUNDLE_IDENTIFIER = ai.polyarc.safari.Extension;
				PRODUCT_NAME = "PolyArc Extension";
				SDKROOT = iphoneos;
				SKIP_INSTALL = YES;
				STRING_CATALOG_GENERATE_SYMBOLS = YES;
				SWIFT_APPROACHABLE_CONCURRENCY = YES;
				SWIFT_EMIT_LOC_STRINGS = YES;
				SWIFT_UPCOMING_FEATURE_MEMBER_IMPORT_VISIBILITY = YES;
				SWIFT_VERSION = 5.0;
				TARGETED_DEVICE_FAMILY = "1,2";
				VALIDATE_PRODUCT = YES;
			};
			name = Release;
		};
		BC4EC72E2FE98BEE006E1F51 /* Debug */ = {
			isa = XCBuildConfiguration;
			buildSettings = {
				ASSETCATALOG_COMPILER_APPICON_NAME = AppIcon;
				ASSETCATALOG_COMPILER_GLOBAL_ACCENT_COLOR_NAME = AccentColor;
				CODE_SIGN_STYLE = Automatic;
				CURRENT_PROJECT_VERSION = 1;
				GENERATE_INFOPLIST_FILE = YES;
				INFOPLIST_FILE = "iOS (App)/Info.plist";
				INFOPLIST_KEY_CFBundleDisplayName = PolyArc;
				INFOPLIST_KEY_UIApplicationSupportsIndirectInputEvents = YES;
				INFOPLIST_KEY_UILaunchStoryboardName = LaunchScreen;
				INFOPLIST_KEY_UIMainStoryboardFile = Main;
				INFOPLIST_KEY_UISupportedInterfaceOrientations = "UIInterfaceOrientationPortrait UIInterfaceOrientationLandscapeLeft UIInterfaceOrientationLandscapeRight";
				INFOPLIST_KEY_UISupportedInterfaceOrientations_iPad = "UIInterfaceOrientationPortrait UIInterfaceOrientationPortraitUpsideDown UIInterfaceOrientationLandscapeLeft UIInterfaceOrientationLandscapeRight";
				IPHONEOS_DEPLOYMENT_TARGET = 15.0;
				LD_RUNPATH_SEARCH_PATHS = (
					"$(inherited)",
					"@executable_path/Frameworks",
				);
				MARKETING_VERSION = 1.0;
				OTHER_LDFLAGS = (
					"-framework",
					SafariServices,
					"-framework",
					WebKit,
				);
				PRODUCT_BUNDLE_IDENTIFIER = ai.polyarc.safari;
				PRODUCT_NAME = PolyArc;
				SDKROOT = iphoneos;
				STRING_CATALOG_GENERATE_SYMBOLS = YES;
				SWIFT_APPROACHABLE_CONCURRENCY = YES;
				SWIFT_DEFAULT_ACTOR_ISOLATION = MainActor;
				SWIFT_EMIT_LOC_STRINGS = YES;
				SWIFT_UPCOMING_FEATURE_MEMBER_IMPORT_VISIBILITY = YES;
				SWIFT_VERSION = 5.0;
				TARGETED_DEVICE_FAMILY = "1,2";
			};
			name = Debug;
		};
		BC4EC72F2FE98BEE006E1F51 /* Release */ = {
			isa = XCBuildConfiguration;
			buildSettings = {
				ASSETCATALOG_COMPILER_APPICON_NAME = AppIcon;
				ASSETCATALOG_COMPILER_GLOBAL_ACCENT_COLOR_NAME = AccentColor;
				CODE_SIGN_STYLE = Automatic;
				CURRENT_PROJECT_VERSION = 1;
				GENERATE_INFOPLIST_FILE = YES;
				INFOPLIST_FILE = "iOS (App)/Info.plist";
				INFOPLIST_KEY_CFBundleDisplayName = PolyArc;
				INFOPLIST_KEY_UIApplicationSupportsIndirectInputEvents = YES;
				INFOPLIST_KEY_UILaunchStoryboardName = LaunchScreen;
				INFOPLIST_KEY_UIMainStoryboardFile = Main;
				INFOPLIST_KEY_UISupportedInterfaceOrientations = "UIInterfaceOrientationPortrait UIInterfaceOrientationLandscapeLeft UIInterfaceOrientationLandscapeRight";
				INFOPLIST_KEY_UISupportedInterfaceOrientations_iPad = "UIInterfaceOrientationPortrait UIInterfaceOrientationPortraitUpsideDown UIInterfaceOrientationLandscapeLeft UIInterfaceOrientationLandscapeRight";
				IPHONEOS_DEPLOYMENT_TARGET = 15.0;
				LD_RUNPATH_SEARCH_PATHS = (
					"$(inherited)",
					"@executable_path/Frameworks",
				);
				MARKETING_VERSION = 1.0;
				OTHER_LDFLAGS = (
					"-framework",
					SafariServices,
					"-framework",
					WebKit,
				);
				PRODUCT_BUNDLE_IDENTIFIER = ai.polyarc.safari;
				PRODUCT_NAME = PolyArc;
				SDKROOT = iphoneos;
				STRING_CATALOG_GENERATE_SYMBOLS = YES;
				SWIFT_APPROACHABLE_CONCURRENCY = YES;
				SWIFT_DEFAULT_ACTOR_ISOLATION = MainActor;
				SWIFT_EMIT_LOC_STRINGS = YES;
				SWIFT_UPCOMING_FEATURE_MEMBER_IMPORT_VISIBILITY = YES;
				SWIFT_VERSION = 5.0;
				TARGETED_DEVICE_FAMILY = "1,2";
				VALIDATE_PRODUCT = YES;
			};
			name = Release;
		};
		BC4EC7312FE98BEE006E1F51 /* Debug */ = {
			isa = XCBuildConfiguration;
			buildSettings = {
				CODE_SIGN_STYLE = Automatic;
				CURRENT_PROJECT_VERSION = 1;
				ENABLE_APP_SANDBOX = YES;
				ENABLE_HARDENED_RUNTIME = YES;
				ENABLE_USER_SELECTED_FILES = readonly;
				GENERATE_INFOPLIST_FILE = YES;
				INFOPLIST_FILE = "macOS (Extension)/Info.plist";
				INFOPLIST_KEY_CFBundleDisplayName = "PolyArc Extension";
				INFOPLIST_KEY_NSHumanReadableCopyright = "";
				LD_RUNPATH_SEARCH_PATHS = (
					"$(inherited)",
					"@executable_path/../Frameworks",
					"@executable_path/../../../../Frameworks",
				);
				MACOSX_DEPLOYMENT_TARGET = 10.14;
				MARKETING_VERSION = 1.0;
				OTHER_LDFLAGS = (
					"-framework",
					SafariServices,
				);
				PRODUCT_BUNDLE_IDENTIFIER = ai.polyarc.safari.Extension;
				PRODUCT_NAME = "PolyArc Extension";
				SDKROOT = macosx;
				SKIP_INSTALL = YES;
				STRING_CATALOG_GENERATE_SYMBOLS = YES;
				SWIFT_APPROACHABLE_CONCURRENCY = YES;
				SWIFT_EMIT_LOC_STRINGS = YES;
				SWIFT_UPCOMING_FEATURE_MEMBER_IMPORT_VISIBILITY = YES;
				SWIFT_VERSION = 5.0;
			};
			name = Debug;
		};
		BC4EC7322FE98BEE006E1F51 /* Release */ = {
			isa = XCBuildConfiguration;
			buildSettings = {
				CODE_SIGN_STYLE = Automatic;
				CURRENT_PROJECT_VERSION = 1;
				ENABLE_APP_SANDBOX = YES;
				ENABLE_HARDENED_RUNTIME = YES;
				ENABLE_USER_SELECTED_FILES = readonly;
				GENERATE_INFOPLIST_FILE = YES;
				INFOPLIST_FILE = "macOS (Extension)/Info.plist";
				INFOPLIST_KEY_CFBundleDisplayName = "PolyArc Extension";
				INFOPLIST_KEY_NSHumanReadableCopyright = "";
				LD_RUNPATH_SEARCH_PATHS = (
					"$(inherited)",
					"@executable_path/../Frameworks",
					"@executable_path/../../../../Frameworks",
				);
				MACOSX_DEPLOYMENT_TARGET = 10.14;
				MARKETING_VERSION = 1.0;
				OTHER_LDFLAGS = (
					"-framework",
					SafariServices,
				);
				PRODUCT_BUNDLE_IDENTIFIER = ai.polyarc.safari.Extension;
				PRODUCT_NAME = "PolyArc Extension";
				SDKROOT = macosx;
				SKIP_INSTALL = YES;
				STRING_CATALOG_GENERATE_SYMBOLS = YES;
				SWIFT_APPROACHABLE_CONCURRENCY = YES;
				SWIFT_EMIT_LOC_STRINGS = YES;
				SWIFT_UPCOMING_FEATURE_MEMBER_IMPORT_VISIBILITY = YES;
				SWIFT_VERSION = 5.0;
			};
			name = Release;
		};
		BC4EC7352FE98BEE006E1F51 /* Debug */ = {
			isa = XCBuildConfiguration;
			buildSettings = {
				ASSETCATALOG_COMPILER_APPICON_NAME = AppIcon;
				ASSETCATALOG_COMPILER_GLOBAL_ACCENT_COLOR_NAME = AccentColor;
				CODE_SIGN_STYLE = Automatic;
				CURRENT_PROJECT_VERSION = 1;
				ENABLE_APP_SANDBOX = YES;
				ENABLE_HARDENED_RUNTIME = YES;
				ENABLE_OUTGOING_NETWORK_CONNECTIONS = YES;
				ENABLE_USER_SELECTED_FILES = readonly;
				GENERATE_INFOPLIST_FILE = YES;
				INFOPLIST_FILE = "macOS (App)/Info.plist";
				INFOPLIST_KEY_CFBundleDisplayName = PolyArc;
				INFOPLIST_KEY_NSMainStoryboardFile = Main;
				INFOPLIST_KEY_NSPrincipalClass = NSApplication;
				LD_RUNPATH_SEARCH_PATHS = (
					"$(inherited)",
					"@executable_path/../Frameworks",
				);
				MACOSX_DEPLOYMENT_TARGET = 10.14;
				MARKETING_VERSION = 1.0;
				OTHER_LDFLAGS = (
					"-framework",
					SafariServices,
					"-framework",
					WebKit,
				);
				PRODUCT_BUNDLE_IDENTIFIER = ai.polyarc.safari;
				PRODUCT_NAME = PolyArc;
				REGISTER_APP_GROUPS = YES;
				SDKROOT = macosx;
				STRING_CATALOG_GENERATE_SYMBOLS = YES;
				SWIFT_APPROACHABLE_CONCURRENCY = YES;
				SWIFT_DEFAULT_ACTOR_ISOLATION = MainActor;
				SWIFT_EMIT_LOC_STRINGS = YES;
				SWIFT_UPCOMING_FEATURE_MEMBER_IMPORT_VISIBILITY = YES;
				SWIFT_VERSION = 5.0;
			};
			name = Debug;
		};
		BC4EC7362FE98BEE006E1F51 /* Release */ = {
			isa = XCBuildConfiguration;
			buildSettings = {
				ASSETCATALOG_COMPILER_APPICON_NAME = AppIcon;
				ASSETCATALOG_COMPILER_GLOBAL_ACCENT_COLOR_NAME = AccentColor;
				CODE_SIGN_STYLE = Automatic;
				CURRENT_PROJECT_VERSION = 1;
				ENABLE_APP_SANDBOX = YES;
				ENABLE_HARDENED_RUNTIME = YES;
				ENABLE_OUTGOING_NETWORK_CONNECTIONS = YES;
				ENABLE_USER_SELECTED_FILES = readonly;
				GENERATE_INFOPLIST_FILE = YES;
				INFOPLIST_FILE = "macOS (App)/Info.plist";
				INFOPLIST_KEY_CFBundleDisplayName = PolyArc;
				INFOPLIST_KEY_NSMainStoryboardFile = Main;
				INFOPLIST_KEY_NSPrincipalClass = NSApplication;
				LD_RUNPATH_SEARCH_PATHS = (
					"$(inherited)",
					"@executable_path/../Frameworks",
				);
				MACOSX_DEPLOYMENT_TARGET = 10.14;
				MARKETING_VERSION = 1.0;
				OTHER_LDFLAGS = (
					"-framework",
					SafariServices,
					"-framework",
					WebKit,
				);
				PRODUCT_BUNDLE_IDENTIFIER = ai.polyarc.safari;
				PRODUCT_NAME = PolyArc;
				REGISTER_APP_GROUPS = YES;
				SDKROOT = macosx;
				STRING_CATALOG_GENERATE_SYMBOLS = YES;
				SWIFT_APPROACHABLE_CONCURRENCY = YES;
				SWIFT_DEFAULT_ACTOR_ISOLATION = MainActor;
				SWIFT_EMIT_LOC_STRINGS = YES;
				SWIFT_UPCOMING_FEATURE_MEMBER_IMPORT_VISIBILITY = YES;
				SWIFT_VERSION = 5.0;
			};
			name = Release;
		};
/* End XCBuildConfiguration section */

/* Begin XCConfigurationList section */
		BC4EC6DB2FE98BED006E1F51 /* Build configuration list for PBXProject "PolyArc" */ = {
			isa = XCConfigurationList;
			buildConfigurations = (
				BC4EC7272FE98BEE006E1F51 /* Debug */,
				BC4EC7282FE98BEE006E1F51 /* Release */,
			);
			defaultConfigurationIsVisible = 0;
			defaultConfigurationName = Release;
		};
		BC4EC7292FE98BEE006E1F51 /* Build configuration list for PBXNativeTarget "PolyArc Extension (iOS)" */ = {
			isa = XCConfigurationList;
			buildConfigurations = (
				BC4EC72A2FE98BEE006E1F51 /* Debug */,
				BC4EC72B2FE98BEE006E1F51 /* Release */,
			);
			defaultConfigurationIsVisible = 0;
			defaultConfigurationName = Release;
		};
		BC4EC72D2FE98BEE006E1F51 /* Build configuration list for PBXNativeTarget "PolyArc (iOS)" */ = {
			isa = XCConfigurationList;
			buildConfigurations = (
				BC4EC72E2FE98BEE006E1F51 /* Debug */,
				BC4EC72F2FE98BEE006E1F51 /* Release */,
			);
			defaultConfigurationIsVisible = 0;
			defaultConfigurationName = Release;
		};
		BC4EC7302FE98BEE006E1F51 /* Build configuration list for PBXNativeTarget "PolyArc Extension (macOS)" */ = {
			isa = XCConfigurationList;
			buildConfigurations = (
				BC4EC7312FE98BEE006E1F51 /* Debug */,
				BC4EC7322FE98BEE006E1F51 /* Release */,
			);
			defaultConfigurationIsVisible = 0;
			defaultConfigurationName = Release;
		};
		BC4EC7342FE98BEE006E1F51 /* Build configuration list for PBXNativeTarget "PolyArc (macOS)" */ = {
			isa = XCConfigurationList;
			buildConfigurations = (
				BC4EC7352FE98BEE006E1F51 /* Debug */,
				BC4EC7362FE98BEE006E1F51 /* Release */,
			);
			defaultConfigurationIsVisible = 0;
			defaultConfigurationName = Release;
		};
/* End XCConfigurationList section */
	};
	rootObject = BC4EC6D82FE98BED006E1F51 /* Project object */;
}
